
Microsoft Visual Studio Solution File, Format Version 12.00
# Visual Studio 14
VisualStudioVersion = 14.0.25123.0
MinimumVisualStudioVersion = 10.0.40219.1
Project("{FAE04EC0-301F-11D3-BF4B-00C04F79EFBC}") = "NDesk.Options.Fork", "NDesk.Options.Fork.csproj", "{CDAD9997-C087-433A-9DF5-5322EA1BB48E}"
EndProject
Project("{FAE04EC0-301F-11D3-BF4B-00C04F79EFBC}") = "NDesk.Options.Fork.Test", "..\NDesk.Options.Fork.Test\NDesk.Options.Fork.Test.csproj", "{067456C0-086C-46A8-B37F-1405717B7BFC}"
EndProject
Global
	GlobalSection(SolutionConfigurationPlatforms) = preSolution
		Debug|Any CPU = Debug|Any CPU
		Release|Any CPU = Release|Any CPU
	EndGlobalSection
	GlobalSection(ProjectConfigurationPlatforms) = postSolution
		{CDAD9997-C087-433A-9DF5-5322EA1BB48E}.Debug|Any CPU.ActiveCfg = Debug|Any CPU
		{CDAD9997-C087-433A-9DF5-5322EA1BB48E}.Debug|Any CPU.Build.0 = Debug|Any CPU
		{CDAD9997-C087-433A-9DF5-5322EA1BB48E}.Release|Any CPU.ActiveCfg = Release|Any CPU
		{CDAD9997-C087-433A-9DF5-5322EA1BB48E}.Release|Any CPU.Build.0 = Release|Any CPU
		{067456C0-086C-46A8-B37F-1405717B7BFC}.Debug|Any CPU.ActiveCfg = Debug|Any CPU
		{067456C0-086C-46A8-B37F-1405717B7BFC}.Debug|Any CPU.Build.0 = Debug|Any CPU
		{067456C0-086C-46A8-B37F-1405717B7BFC}.Release|Any CPU.ActiveCfg = Release|Any CPU
		{067456C0-086C-46A8-B37F-1405717B7BFC}.Release|Any CPU.Build.0 = Release|Any CPU
	EndGlobalSection
	GlobalSection(SolutionProperties) = preSolution
		HideSolutionNode = FALSE
	EndGlobalSection
EndGlobal
